// !$*UTF8*$!
{
	archiveVersion = 1;
	classes = {
	};
	objectVersion = 50;
	objects = {

/* Begin PBXBuildFile section */
		2433DD1C253EC0B500E95D8E /* GansoCacheController.swift in Sources */ = {isa = PBXBuildFile; fileRef = 2433DD1B253EC0B500E95D8E /* GansoCacheController.swift */; };
		2433DD1E253EC0D300E95D8E /* SefunCacheController.swift in Sources */ = {isa = PBXBuildFile; fileRef = 2433DD1D253EC0D300E95D8E /* SefunCacheController.swift */; };
		243DC5A725031B5300B612FE /* FMdata.swift in Sources */ = {isa = PBXBuildFile; fileRef = 243DC5A625031B5300B612FE /* FMdata.swift */; };
		243DC5A9250322A800B612FE /* FMdataCell.swift in Sources */ = {isa = PBXBuildFile; fileRef = 243DC5A8250322A800B612FE /* FMdataCell.swift */; };
		243F620C2504CD9C005D5C55 /* GansoData.swift in Sources */ = {isa = PBXBuildFile; fileRef = 243F620B2504CD9C005D5C55 /* GansoData.swift */; };
		243F620E2504CEEF005D5C55 /* SefunData.swift in Sources */ = {isa = PBXBuildFile; fileRef = 243F620D2504CEEF005D5C55 /* SefunData.swift */; };
		243F62102504CF46005D5C55 /* gansoDataCell.swift in Sources */ = {isa = PBXBuildFile; fileRef = 243F620F2504CF46005D5C55 /* gansoDataCell.swift */; };
		243F62122504CF57005D5C55 /* sefunDataCell.swift in Sources */ = {isa = PBXBuildFile; fileRef = 243F62112504CF57005D5C55 /* sefunDataCell.swift */; };
		243F62142504CF71005D5C55 /* GansoTableViewController.swift in Sources */ = {isa = PBXBuildFile; fileRef = 243F62132504CF71005D5C55 /* GansoTableViewController.swift */; };
		243F62162504CF85005D5C55 /* SefunTableViewController.swift in Sources */ = {isa = PBXBuildFile; fileRef = 243F62152504CF85005D5C55 /* SefunTableViewController.swift */; };
		24517D85254135F7003075BE /* OrderListCacheController.swift in Sources */ = {isa = PBXBuildFile; fileRef = 24517D84254135F7003075BE /* OrderListCacheController.swift */; };
		2461A406250614AE00DD2F06 /* shoppingcartViewController.swift in Sources */ = {isa = PBXBuildFile; fileRef = 2461A405250614AE00DD2F06 /* shoppingcartViewController.swift */; };
		246627E2250E301900D54C89 /* OrderListTableViewCell.swift in Sources */ = {isa = PBXBuildFile; fileRef = 246627E1250E301900D54C89 /* OrderListTableViewCell.swift */; };
		246627E6250E35BA00D54C89 /* OrderListTVC.swift in Sources */ = {isa = PBXBuildFile; fileRef = 246627E5250E35BA00D54C89 /* OrderListTVC.swift */; };
		246E23C72535514800FCF4B9 /* FmCacheController.swift in Sources */ = {isa = PBXBuildFile; fileRef = 246E23C62535514800FCF4B9 /* FmCacheController.swift */; };
		248DE16324FE654900FAC05D /* AppDelegate.swift in Sources */ = {isa = PBXBuildFile; fileRef = 248DE16224FE654900FAC05D /* AppDelegate.swift */; };
		248DE16524FE654900FAC05D /* SceneDelegate.swift in Sources */ = {isa = PBXBuildFile; fileRef = 248DE16424FE654900FAC05D /* SceneDelegate.swift */; };
		248DE16724FE654900FAC05D /* ViewController.swift in Sources */ = {isa = PBXBuildFile; fileRef = 248DE16624FE654900FAC05D /* ViewController.swift */; };
		248DE16A24FE654900FAC05D /* Main.storyboard in Resources */ = {isa = PBXBuildFile; fileRef = 248DE16824FE654900FAC05D /* Main.storyboard */; };
		248DE16C24FE654B00FAC05D /* Assets.xcassets in Resources */ = {isa = PBXBuildFile; fileRef = 248DE16B24FE654B00FAC05D /* Assets.xcassets */; };
		248DE16F24FE654B00FAC05D /* LaunchScreen.storyboard in Resources */ = {isa = PBXBuildFile; fileRef = 248DE16D24FE654B00FAC05D /* LaunchScreen.storyboard */; };
		24913870250F3C8F004F46F2 /* OrderListData.swift in Sources */ = {isa = PBXBuildFile; fileRef = 2491386F250F3C8F004F46F2 /* OrderListData.swift */; };
		24AA555224FF36A0008CE3BC /* HomePageViewController.swift in Sources */ = {isa = PBXBuildFile; fileRef = 24AA555124FF36A0008CE3BC /* HomePageViewController.swift */; };
		24BDA2BE2503A12F00DA139C /* FMTableViewController.swift in Sources */ = {isa = PBXBuildFile; fileRef = 24BDA2BD2503A12F00DA139C /* FMTableViewController.swift */; };
/* End PBXBuildFile section */

/* Begin PBXFileReference section */
		2433DD1B253EC0B500E95D8E /* GansoCacheController.swift */ = {isa = PBXFileReference; lastKnownFileType = sourcecode.swift; path = GansoCacheController.swift; sourceTree = "<group>"; };
		2433DD1D253EC0D300E95D8E /* SefunCacheController.swift */ = {isa = PBXFileReference; lastKnownFileType = sourcecode.swift; path = SefunCacheController.swift; sourceTree = "<group>"; };
		243DC5A625031B5300B612FE /* FMdata.swift */ = {isa = PBXFileReference; lastKnownFileType = sourcecode.swift; path = FMdata.swift; sourceTree = "<group>"; };
		243DC5A8250322A800B612FE /* FMdataCell.swift */ = {isa = PBXFileReference; lastKnownFileType = sourcecode.swift; path = FMdataCell.swift; sourceTree = "<group>"; };
		243F620B2504CD9C005D5C55 /* GansoData.swift */ = {isa = PBXFileReference; lastKnownFileType = sourcecode.swift; path = GansoData.swift; sourceTree = "<group>"; };
		243F620D2504CEEF005D5C55 /* SefunData.swift */ = {isa = PBXFileReference; lastKnownFileType = sourcecode.swift; path = SefunData.swift; sourceTree = "<group>"; };
		243F620F2504CF46005D5C55 /* gansoDataCell.swift */ = {isa = PBXFileReference; lastKnownFileType = sourcecode.swift; path = gansoDataCell.swift; sourceTree = "<group>"; };
		243F62112504CF57005D5C55 /* sefunDataCell.swift */ = {isa = PBXFileReference; lastKnownFileType = sourcecode.swift; path = sefunDataCell.swift; sourceTree = "<group>"; };
		243F62132504CF71005D5C55 /* GansoTableViewController.swift */ = {isa = PBXFileReference; lastKnownFileType = sourcecode.swift; path = GansoTableViewController.swift; sourceTree = "<group>"; };
		243F62152504CF85005D5C55 /* SefunTableViewController.swift */ = {isa = PBXFileReference; lastKnownFileType = sourcecode.swift; path = SefunTableViewController.swift; sourceTree = "<group>"; };
		24517D84254135F7003075BE /* OrderListCacheController.swift */ = {isa = PBXFileReference; lastKnownFileType = sourcecode.swift; path = OrderListCacheController.swift; sourceTree = "<group>"; };
		2461A405250614AE00DD2F06 /* shoppingcartViewController.swift */ = {isa = PBXFileReference; lastKnownFileType = sourcecode.swift; path = shoppingcartViewController.swift; sourceTree = "<group>"; };
		246627E1250E301900D54C89 /* OrderListTableViewCell.swift */ = {isa = PBXFileReference; lastKnownFileType = sourcecode.swift; path = OrderListTableViewCell.swift; sourceTree = "<group>"; };
		246627E5250E35BA00D54C89 /* OrderListTVC.swift */ = {isa = PBXFileReference; lastKnownFileType = sourcecode.swift; path = OrderListTVC.swift; sourceTree = "<group>"; };
		246E23C62535514800FCF4B9 /* FmCacheController.swift */ = {isa = PBXFileReference; lastKnownFileType = sourcecode.swift; path = FmCacheController.swift; sourceTree = "<group>"; };
		248DE15F24FE654900FAC05D /* moonCake.app */ = {isa = PBXFileReference; explicitFileType = wrapper.application; includeInIndex = 0; path = moonCake.app; sourceTree = BUILT_PRODUCTS_DIR; };
		248DE16224FE654900FAC05D /* AppDelegate.swift */ = {isa = PBXFileReference; lastKnownFileType = sourcecode.swift; path = AppDelegate.swift; sourceTree = "<group>"; };
		248DE16424FE654900FAC05D /* SceneDelegate.swift */ = {isa = PBXFileReference; lastKnownFileType = sourcecode.swift; path = SceneDelegate.swift; sourceTree = "<group>"; };
		248DE16624FE654900FAC05D /* ViewController.swift */ = {isa = PBXFileReference; lastKnownFileType = sourcecode.swift; path = ViewController.swift; sourceTree = "<group>"; };
		248DE16924FE654900FAC05D /* Base */ = {isa = PBXFileReference; lastKnownFileType = file.storyboard; name = Base; path = Base.lproj/Main.storyboard; sourceTree = "<group>"; };
		248DE16B24FE654B00FAC05D /* Assets.xcassets */ = {isa = PBXFileReference; lastKnownFileType = folder.assetcatalog; path = Assets.xcassets; sourceTree = "<group>"; };
		248DE16E24FE654B00FAC05D /* Base */ = {isa = PBXFileReference; lastKnownFileType = file.storyboard; name = Base; path = Base.lproj/LaunchScreen.storyboard; sourceTree = "<group>"; };
		248DE17024FE654B00FAC05D /* Info.plist */ = {isa = PBXFileReference; lastKnownFileType = text.plist.xml; path = Info.plist; sourceTree = "<group>"; };
		2491386F250F3C8F004F46F2 /* OrderListData.swift */ = {isa = PBXFileReference; lastKnownFileType = sourcecode.swift; path = OrderListData.swift; sourceTree = "<group>"; };
		24AA555124FF36A0008CE3BC /* HomePageViewController.swift */ = {isa = PBXFileReference; lastKnownFileType = sourcecode.swift; path = HomePageViewController.swift; sourceTree = "<group>"; };
		24BDA2BD2503A12F00DA139C /* FMTableViewController.swift */ = {isa = PBXFileReference; lastKnownFileType = sourcecode.swift; path = FMTableViewController.swift; sourceTree = "<group>"; };
/* End PBXFileReference section */

/* Begin PBXFrameworksBuildPhase section */
		248DE15C24FE654900FAC05D /* Frameworks */ = {
			isa = PBXFrameworksBuildPhase;
			buildActionMask = 2147483647;
			files = (
			);
			runOnlyForDeploymentPostprocessing = 0;
		};
/* End PBXFrameworksBuildPhase section */

/* Begin PBXGroup section */
		243DC5A525031B0F00B612FE /* Model */ = {
			isa = PBXGroup;
			children = (
				243DC5A625031B5300B612FE /* FMdata.swift */,
				243F620B2504CD9C005D5C55 /* GansoData.swift */,
				243F620D2504CEEF005D5C55 /* SefunData.swift */,
				2491386F250F3C8F004F46F2 /* OrderListData.swift */,
			);
			path = Model;
			sourceTree = "<group>";
		};
		243DC5AA250322B400B612FE /* View */ = {
			isa = PBXGroup;
			children = (
				243DC5A8250322A800B612FE /* FMdataCell.swift */,
				243F620F2504CF46005D5C55 /* gansoDataCell.swift */,
				243F62112504CF57005D5C55 /* sefunDataCell.swift */,
				246627E1250E301900D54C89 /* OrderListTableViewCell.swift */,
			);
			path = View;
			sourceTree = "<group>";
		};
		2461A40725061F6500DD2F06 /* Controller */ = {
			isa = PBXGroup;
			children = (
				24DD411624FF8FD500DAEE7A /* MoonCake */,
				24A1036025349D1200636FD0 /* CacheController */,
				248DE16624FE654900FAC05D /* ViewController.swift */,
				24AA555124FF36A0008CE3BC /* HomePageViewController.swift */,
				2461A405250614AE00DD2F06 /* shoppingcartViewController.swift */,
				246627E5250E35BA00D54C89 /* OrderListTVC.swift */,
			);
			path = Controller;
			sourceTree = "<group>";
		};
		248DE15624FE654900FAC05D = {
			isa = PBXGroup;
			children = (
				248DE16124FE654900FAC05D /* moonCake */,
				248DE16024FE654900FAC05D /* Products */,
			);
			sourceTree = "<group>";
		};
		248DE16024FE654900FAC05D /* Products */ = {
			isa = PBXGroup;
			children = (
				248DE15F24FE654900FAC05D /* moonCake.app */,
			);
			name = Products;
			sourceTree = "<group>";
		};
		248DE16124FE654900FAC05D /* moonCake */ = {
			isa = PBXGroup;
			children = (
				248DE16224FE654900FAC05D /* AppDelegate.swift */,
				248DE16424FE654900FAC05D /* SceneDelegate.swift */,
				248DE16824FE654900FAC05D /* Main.storyboard */,
				243DC5A525031B0F00B612FE /* Model */,
				243DC5AA250322B400B612FE /* View */,
				2461A40725061F6500DD2F06 /* Controller */,
				248DE16B24FE654B00FAC05D /* Assets.xcassets */,
				248DE16D24FE654B00FAC05D /* LaunchScreen.storyboard */,
				248DE17024FE654B00FAC05D /* Info.plist */,
			);
			path = moonCake;
			sourceTree = "<group>";
		};
		24A1036025349D1200636FD0 /* CacheController */ = {
			isa = PBXGroup;
			children = (
				246E23C62535514800FCF4B9 /* FmCacheController.swift */,
				2433DD1B253EC0B500E95D8E /* GansoCacheController.swift */,
				2433DD1D253EC0D300E95D8E /* SefunCacheController.swift */,
				24517D84254135F7003075BE /* OrderListCacheController.swift */,
			);
			path = CacheController;
			sourceTree = "<group>";
		};
		24DD411624FF8FD500DAEE7A /* MoonCake */ = {
			isa = PBXGroup;
			children = (
				24BDA2BD2503A12F00DA139C /* FMTableViewController.swift */,
				243F62132504CF71005D5C55 /* GansoTableViewController.swift */,
				243F62152504CF85005D5C55 /* SefunTableViewController.swift */,
			);
			path = MoonCake;
			sourceTree = "<group>";
		};
/* End PBXGroup section */

/* Begin PBXNativeTarget section */
		248DE15E24FE654900FAC05D /* moonCake */ = {
			isa = PBXNativeTarget;
			buildConfigurationList = 248DE17324FE654B00FAC05D /* Build configuration list for PBXNativeTarget "moonCake" */;
			buildPhases = (
				248DE15B24FE654900FAC05D /* Sources */,
				248DE15C24FE654900FAC05D /* Frameworks */,
				248DE15D24FE654900FAC05D /* Resources */,
			);
			buildRules = (
			);
			dependencies = (
			);
			name = moonCake;
			productName = moonCake;
			productReference = 248DE15F24FE654900FAC05D /* moonCake.app */;
			productType = "com.apple.product-type.application";
		};
/* End PBXNativeTarget section */

/* Begin PBXProject section */
		248DE15724FE654900FAC05D /* Project object */ = {
			isa = PBXProject;
			attributes = {
				LastSwiftUpdateCheck = 1160;
				LastUpgradeCheck = 1160;
				ORGANIZATIONNAME = Steven;
				TargetAttributes = {
					248DE15E24FE654900FAC05D = {
						CreatedOnToolsVersion = 11.6;
					};
				};
			};
			buildConfigurationList = 248DE15A24FE654900FAC05D /* Build configuration list for PBXProject "moonCake" */;
			compatibilityVersion = "Xcode 9.3";
			developmentRegion = en;
			hasScannedForEncodings = 0;
			knownRegions = (
				en,
				Base,
			);
			mainGroup = 248DE15624FE654900FAC05D;
			productRefGroup = 248DE16024FE654900FAC05D /* Products */;
			projectDirPath = "";
			projectRoot = "";
			targets = (
				248DE15E24FE654900FAC05D /* moonCake */,
			);
		};
/* End PBXProject section */

/* Begin PBXResourcesBuildPhase section */
		248DE15D24FE654900FAC05D /* Resources */ = {
			isa = PBXResourcesBuildPhase;
			buildActionMask = 2147483647;
			files = (
				248DE16F24FE654B00FAC05D /* LaunchScreen.storyboard in Resources */,
				248DE16C24FE654B00FAC05D /* Assets.xcassets in Resources */,
				248DE16A24FE654900FAC05D /* Main.storyboard in Resources */,
			);
			runOnlyForDeploymentPostprocessing = 0;
		};
/* End PBXResourcesBuildPhase section */

/* Begin PBXSourcesBuildPhase section */
		248DE15B24FE654900FAC05D /* Sources */ = {
			isa = PBXSourcesBuildPhase;
			buildActionMask = 2147483647;
			files = (
				243F62102504CF46005D5C55 /* gansoDataCell.swift in Sources */,
				246E23C72535514800FCF4B9 /* FmCacheController.swift in Sources */,
				243F62162504CF85005D5C55 /* SefunTableViewController.swift in Sources */,
				24BDA2BE2503A12F00DA139C /* FMTableViewController.swift in Sources */,
				246627E2250E301900D54C89 /* OrderListTableViewCell.swift in Sources */,
				24913870250F3C8F004F46F2 /* OrderListData.swift in Sources */,
				2433DD1E253EC0D300E95D8E /* SefunCacheController.swift in Sources */,
				243DC5A9250322A800B612FE /* FMdataCell.swift in Sources */,
				2461A406250614AE00DD2F06 /* shoppingcartViewController.swift in Sources */,
				243DC5A725031B5300B612FE /* FMdata.swift in Sources */,
				248DE16724FE654900FAC05D /* ViewController.swift in Sources */,
				243F620C2504CD9C005D5C55 /* GansoData.swift in Sources */,
				248DE16324FE654900FAC05D /* AppDelegate.swift in Sources */,
				248DE16524FE654900FAC05D /* SceneDelegate.swift in Sources */,
				243F62142504CF71005D5C55 /* GansoTableViewController.swift in Sources */,
				243F62122504CF57005D5C55 /* sefunDataCell.swift in Sources */,
				24517D85254135F7003075BE /* OrderListCacheController.swift in Sources */,
				243F620E2504CEEF005D5C55 /* SefunData.swift in Sources */,
				2433DD1C253EC0B500E95D8E /* GansoCacheController.swift in Sources */,
				24AA555224FF36A0008CE3BC /* HomePageViewController.swift in Sources */,
				246627E6250E35BA00D54C89 /* OrderListTVC.swift in Sources */,
			);
			runOnlyForDeploymentPostprocessing = 0;
		};
/* End PBXSourcesBuildPhase section */

/* Begin PBXVariantGroup section */
		248DE16824FE654900FAC05D /* Main.storyboard */ = {
			isa = PBXVariantGroup;
			children = (
				248DE16924FE654900FAC05D /* Base */,
			);
			name = Main.storyboard;
			sourceTree = "<group>";
		};
		248DE16D24FE654B00FAC05D /* LaunchScreen.storyboard */ = {
			isa = PBXVariantGroup;
			children = (
				248DE16E24FE654B00FAC05D /* Base */,
			);
			name = LaunchScreen.storyboard;
			sourceTree = "<group>";
		};
/* End PBXVariantGroup section */

/* Begin XCBuildConfiguration section */
		248DE17124FE654B00FAC05D /* Debug */ = {
			isa = XCBuildConfiguration;
			buildSettings = {
				ALWAYS_SEARCH_USER_PATHS = NO;
				CLANG_ANALYZER_NONNULL = YES;
				CLANG_ANALYZER_NUMBER_OBJECT_CONVERSION = YES_AGGRESSIVE;
				CLANG_CXX_LANGUAGE_STANDARD = "gnu++14";
				CLANG_CXX_LIBRARY = "libc++";
				CLANG_ENABLE_MODULES = YES;
				CLANG_ENABLE_OBJC_ARC = YES;
				CLANG_ENABLE_OBJC_WEAK = YES;
				CLANG_WARN_BLOCK_CAPTURE_AUTORELEASING = YES;
				CLANG_WARN_BOOL_CONVERSION = YES;
				CLANG_WARN_COMMA = YES;
				CLANG_WARN_CONSTANT_CONVERSION = YES;
				CLANG_WARN_DEPRECATED_OBJC_IMPLEMENTATIONS = YES;
				CLANG_WARN_DIRECT_OBJC_ISA_USAGE = YES_ERROR;
				CLANG_WARN_DOCUMENTATION_COMMENTS = YES;
				CLANG_WARN_EMPTY_BODY = YES;
				CLANG_WARN_ENUM_CONVERSION = YES;
				CLANG_WARN_INFINITE_RECURSION = YES;
				CLANG_WARN_INT_CONVERSION = YES;
				CLANG_WARN_NON_LITERAL_NULL_CONVERSION = YES;
				CLANG_WARN_OBJC_IMPLICIT_RETAIN_SELF = YES;
				CLANG_WARN_OBJC_LITERAL_CONVERSION = YES;
				CLANG_WARN_OBJC_ROOT_CLASS = YES_ERROR;
				CLANG_WARN_RANGE_LOOP_ANALYSIS = YES;
				CLANG_WARN_STRICT_PROTOTYPES = YES;
				CLANG_WARN_SUSPICIOUS_MOVE = YES;
				CLANG_WARN_UNGUARDED_AVAILABILITY = YES_AGGRESSIVE;
				CLANG_WARN_UNREACHABLE_CODE = YES;
				CLANG_WARN__DUPLICATE_METHOD_MATCH = YES;
				COPY_PHASE_STRIP = NO;
				DEBUG_INFORMATION_FORMAT = dwarf;
				ENABLE_STRICT_OBJC_MSGSEND = YES;
				ENABLE_TESTABILITY = YES;
				GCC_C_LANGUAGE_STANDARD = gnu11;
				GCC_DYNAMIC_NO_PIC = NO;
				GCC_NO_COMMON_BLOCKS = YES;
				GCC_OPTIMIZATION_LEVEL = 0;
				GCC_PREPROCESSOR_DEFINITIONS = (
					"DEBUG=1",
					"$(inherited)",
				);
				GCC_WARN_64_TO_32_BIT_CONVERSION = YES;
				GCC_WARN_ABOUT_RETURN_TYPE = YES_ERROR;
				GCC_WARN_UNDECLARED_SELECTOR = YES;
				GCC_WARN_UNINITIALIZED_AUTOS = YES_AGGRESSIVE;
				GCC_WARN_UNUSED_FUNCTION = YES;
				GCC_WARN_UNUSED_VARIABLE = YES;
				IPHONEOS_DEPLOYMENT_TARGET = 13.6;
				MTL_ENABLE_DEBUG_INFO = INCLUDE_SOURCE;
				MTL_FAST_MATH = YES;
				ONLY_ACTIVE_ARCH = YES;
				SDKROOT = iphoneos;
				SWIFT_ACTIVE_COMPILATION_CONDITIONS = DEBUG;
				SWIFT_OPTIMIZATION_LEVEL = "-Onone";
			};
			name = Debug;
		};
		248DE17224FE654B00FAC05D /* Release */ = {
			isa = XCBuildConfiguration;
			buildSettings = {
				ALWAYS_SEARCH_USER_PATHS = NO;
				CLANG_ANALYZER_NONNULL = YES;
				CLANG_ANALYZER_NUMBER_OBJECT_CONVERSION = YES_AGGRESSIVE;
				CLANG_CXX_LANGUAGE_STANDARD = "gnu++14";
				CLANG_CXX_LIBRARY = "libc++";
				CLANG_ENABLE_MODULES = YES;
				CLANG_ENABLE_OBJC_ARC = YES;
				CLANG_ENABLE_OBJC_WEAK = YES;
				CLANG_WARN_BLOCK_CAPTURE_AUTORELEASING = YES;
				CLANG_WARN_BOOL_CONVERSION = YES;
				CLANG_WARN_COMMA = YES;
				CLANG_WARN_CONSTANT_CONVERSION = YES;
				CLANG_WARN_DEPRECATED_OBJC_IMPLEMENTATIONS = YES;
				CLANG_WARN_DIRECT_OBJC_ISA_USAGE = YES_ERROR;
				CLANG_WARN_DOCUMENTATION_COMMENTS = YES;
				CLANG_WARN_EMPTY_BODY = YES;
				CLANG_WARN_ENUM_CONVERSION = YES;
				CLANG_WARN_INFINITE_RECURSION = YES;
				CLANG_WARN_INT_CONVERSION = YES;
				CLANG_WARN_NON_LITERAL_NULL_CONVERSION = YES;
				CLANG_WARN_OBJC_IMPLICIT_RETAIN_SELF = YES;
				CLANG_WARN_OBJC_LITERAL_CONVERSION = YES;
				CLANG_WARN_OBJC_ROOT_CLASS = YES_ERROR;
				CLANG_WARN_RANGE_LOOP_ANALYSIS = YES;
				CLANG_WARN_STRICT_PROTOTYPES = YES;
				CLANG_WARN_SUSPICIOUS_MOVE = YES;
				CLANG_WARN_UNGUARDED_AVAILABILITY = YES_AGGRESSIVE;
				CLANG_WARN_UNREACHABLE_CODE = YES;
				CLANG_WARN__DUPLICATE_METHOD_MATCH = YES;
				COPY_PHASE_STRIP = NO;
				DEBUG_INFORMATION_FORMAT = "dwarf-with-dsym";
				ENABLE_NS_ASSERTIONS = NO;
				ENABLE_STRICT_OBJC_MSGSEND = YES;
				GCC_C_LANGUAGE_STANDARD = gnu11;
				GCC_NO_COMMON_BLOCKS = YES;
				GCC_WARN_64_TO_32_BIT_CONVERSION = YES;
				GCC_WARN_ABOUT_RETURN_TYPE = YES_ERROR;
				GCC_WARN_UNDECLARED_SELECTOR = YES;
				GCC_WARN_UNINITIALIZED_AUTOS = YES_AGGRESSIVE;
				GCC_WARN_UNUSED_FUNCTION = YES;
				GCC_WARN_UNUSED_VARIABLE = YES;
				IPHONEOS_DEPLOYMENT_TARGET = 13.6;
				MTL_ENABLE_DEBUG_INFO = NO;
				MTL_FAST_MATH = YES;
				SDKROOT = iphoneos;
				SWIFT_COMPILATION_MODE = wholemodule;
				SWIFT_OPTIMIZATION_LEVEL = "-O";
				VALIDATE_PRODUCT = YES;
			};
			name = Release;
		};
		248DE17424FE654B00FAC05D /* Debug */ = {
			isa = XCBuildConfiguration;
			buildSettings = {
				ASSETCATALOG_COMPILER_APPICON_NAME = AppIcon;
				CODE_SIGN_STYLE = Automatic;
				INFOPLIST_FILE = moonCake/Info.plist;
				LD_RUNPATH_SEARCH_PATHS = (
					"$(inherited)",
					"@executable_path/Frameworks",
				);
				PRODUCT_BUNDLE_IDENTIFIER = "Steven-QI.moonCake";
				PRODUCT_NAME = "$(TARGET_NAME)";
				SWIFT_VERSION = 5.0;
				TARGETED_DEVICE_FAMILY = "1,2";
			};
			name = Debug;
		};
		248DE17524FE654B00FAC05D /* Release */ = {
			isa = XCBuildConfiguration;
			buildSettings = {
				ASSETCATALOG_COMPILER_APPICON_NAME = AppIcon;
				CODE_SIGN_STYLE = Automatic;
				INFOPLIST_FILE = moonCake/Info.plist;
				LD_RUNPATH_SEARCH_PATHS = (
					"$(inherited)",
					"@executable_path/Frameworks",
				);
				PRODUCT_BUNDLE_IDENTIFIER = "Steven-QI.moonCake";
				PRODUCT_NAME = "$(TARGET_NAME)";
				SWIFT_VERSION = 5.0;
				TARGETED_DEVICE_FAMILY = "1,2";
			};
			name = Release;
		};
/* End XCBuildConfiguration section */

/* Begin XCConfigurationList section */
		248DE15A24FE654900FAC05D /* Build configuration list for PBXProject "moonCake" */ = {
			isa = XCConfigurationList;
			buildConfigurations = (
				248DE17124FE654B00FAC05D /* Debug */,
				248DE17224FE654B00FAC05D /* Release */,
			);
			defaultConfigurationIsVisible = 0;
			defaultConfigurationName = Release;
		};
		248DE17324FE654B00FAC05D /* Build configuration list for PBXNativeTarget "moonCake" */ = {
			isa = XCConfigurationList;
			buildConfigurations = (
				248DE17424FE654B00FAC05D /* Debug */,
				248DE17524FE654B00FAC05D /* Release */,
			);
			defaultConfigurationIsVisible = 0;
			defaultConfigurationName = Release;
		};
/* End XCConfigurationList section */
	};
	rootObject = 248DE15724FE654900FAC05D /* Project object */;
}
